
Microsoft Visual Studio Solution File, Format Version 12.00
# Visual Studio Version 17
VisualStudioVersion = 17.5.33627.172
MinimumVisualStudioVersion = 10.0.40219.1
Project("{FAE04EC0-301F-11D3-BF4B-00C04F79EFBC}") = "ImpresionEtiquetas", "ImpresionEtiquetas\ImpresionEtiquetas.csproj", "{9F6F42FA-28A4-47DE-BD67-E5E2EC64C1F4}"
EndProject
Global
	GlobalSection(SolutionConfigurationPlatforms) = preSolution
		Debug|Any CPU = Debug|Any CPU
		Release|Any CPU = Release|Any CPU
	EndGlobalSection
	GlobalSection(ProjectConfigurationPlatforms) = postSolution
		{9F6F42FA-28A4-47DE-BD67-E5E2EC64C1F4}.Debug|Any CPU.ActiveCfg = Debug|Any CPU
		{9F6F42FA-28A4-47DE-BD67-E5E2EC64C1F4}.Debug|Any CPU.Build.0 = Debug|Any CPU
		{9F6F42FA-28A4-47DE-BD67-E5E2EC64C1F4}.Release|Any CPU.ActiveCfg = Release|Any CPU
		{9F6F42FA-28A4-47DE-BD67-E5E2EC64C1F4}.Release|Any CPU.Build.0 = Release|Any CPU
	EndGlobalSection
	GlobalSection(SolutionProperties) = preSolution
		HideSolutionNode = FALSE
	EndGlobalSection
	GlobalSection(ExtensibilityGlobals) = postSolution
		SolutionGuid = {F832CB93-6D16-4E19-A8BB-7920086A3282}
	EndGlobalSection
EndGlobal
